// !$*UTF8*$!
{
	archiveVersion = 1;
	classes = {
	};
	objectVersion = 56;
	objects = {

/* Begin PBXBuildFile section */
		7C01A510298C465F0071364D /* StocksViewModel.swift in Sources */ = {isa = PBXBuildFile; fileRef = 7C01A50F298C465F0071364D /* StocksViewModel.swift */; };
		7C01A51D298C5B910071364D /* BindingExtensions.swift in Sources */ = {isa = PBXBuildFile; fileRef = 7C01A51C298C5B910071364D /* BindingExtensions.swift */; };
		7C01A521298C5BD80071364D /* AnyObservableType.swift in Sources */ = {isa = PBXBuildFile; fileRef = 7C01A520298C5BD80071364D /* AnyObservableType.swift */; };
		7C01A523298C5BEC0071364D /* RxChannel.swift in Sources */ = {isa = PBXBuildFile; fileRef = 7C01A522298C5BEC0071364D /* RxChannel.swift */; };
		7C01A525298C5BFF0071364D /* RxChannelTerminal.swift in Sources */ = {isa = PBXBuildFile; fileRef = 7C01A524298C5BFF0071364D /* RxChannelTerminal.swift */; };
		7C01A529298C5F160071364D /* StockDetailsViewController.swift in Sources */ = {isa = PBXBuildFile; fileRef = 7C01A527298C5F160071364D /* StockDetailsViewController.swift */; };
		7C01A52A298C5F160071364D /* StockDetailsViewController.xib in Resources */ = {isa = PBXBuildFile; fileRef = 7C01A528298C5F160071364D /* StockDetailsViewController.xib */; };
		7C01A52C298C5F200071364D /* StockDetailsViewModel.swift in Sources */ = {isa = PBXBuildFile; fileRef = 7C01A52B298C5F200071364D /* StockDetailsViewModel.swift */; };
		7C01A530298C6B770071364D /* Optional+String.swift in Sources */ = {isa = PBXBuildFile; fileRef = 7C01A52F298C6B770071364D /* Optional+String.swift */; };
		7C01A533298C70340071364D /* DelegateObject.swift in Sources */ = {isa = PBXBuildFile; fileRef = 7C01A532298C70340071364D /* DelegateObject.swift */; };
		7C01A536298C88700071364D /* MvvmTableViewController.swift in Sources */ = {isa = PBXBuildFile; fileRef = 7C01A535298C88700071364D /* MvvmTableViewController.swift */; };
		7C01A539298C893A0071364D /* StocksViewController.swift in Sources */ = {isa = PBXBuildFile; fileRef = 7C01A537298C893A0071364D /* StocksViewController.swift */; };
		7C01A53A298C893A0071364D /* StocksViewController.xib in Resources */ = {isa = PBXBuildFile; fileRef = 7C01A538298C893A0071364D /* StocksViewController.xib */; };
		7C01A53E298CFE830071364D /* ApiMarketSummaryModel.swift in Sources */ = {isa = PBXBuildFile; fileRef = 7C01A53D298CFE830071364D /* ApiMarketSummaryModel.swift */; };
		7C01A544298D0C520071364D /* StockCell.swift in Sources */ = {isa = PBXBuildFile; fileRef = 7C01A542298D0C520071364D /* StockCell.swift */; };
		7C01A545298D0C520071364D /* StockCell.xib in Resources */ = {isa = PBXBuildFile; fileRef = 7C01A543298D0C520071364D /* StockCell.xib */; };
		7C9420C6298D51390059CE14 /* ApiStockSummaryModel.swift in Sources */ = {isa = PBXBuildFile; fileRef = 7C9420C5298D51390059CE14 /* ApiStockSummaryModel.swift */; };
		7C9420C8298D64D30059CE14 /* Colors.xcassets in Resources */ = {isa = PBXBuildFile; fileRef = 7C9420C7298D64D30059CE14 /* Colors.xcassets */; };
		7C9420CC298D65DC0059CE14 /* UIColor+Assets.swift in Sources */ = {isa = PBXBuildFile; fileRef = 7C9420CB298D65DC0059CE14 /* UIColor+Assets.swift */; };
		7C9420CE298D82F90059CE14 /* Formatter.swift in Sources */ = {isa = PBXBuildFile; fileRef = 7C9420CD298D82F90059CE14 /* Formatter.swift */; };
		7C9420D1298DA0100059CE14 /* ChartView.swift in Sources */ = {isa = PBXBuildFile; fileRef = 7C9420D0298DA0100059CE14 /* ChartView.swift */; };
		7C9420D3298DB8140059CE14 /* ApiChartModel.swift in Sources */ = {isa = PBXBuildFile; fileRef = 7C9420D2298DB8140059CE14 /* ApiChartModel.swift */; };
		7C9420D5298E71870059CE14 /* ChartViewController.swift in Sources */ = {isa = PBXBuildFile; fileRef = 7C9420D4298E71870059CE14 /* ChartViewController.swift */; };
		7C9420D7298FCAA50059CE14 /* MvvmModel+API.swift in Sources */ = {isa = PBXBuildFile; fileRef = 7C9420D6298FCAA50059CE14 /* MvvmModel+API.swift */; };
		7C9420D9298FD4AF0059CE14 /* Converter.swift in Sources */ = {isa = PBXBuildFile; fileRef = 7C9420D8298FD4AF0059CE14 /* Converter.swift */; };
		7CC04789298D16A20039B6D4 /* UITableView+Registration.swift in Sources */ = {isa = PBXBuildFile; fileRef = 7CC04788298D16A20039B6D4 /* UITableView+Registration.swift */; };
		7CC0478B298D1A850039B6D4 /* UILabel+Extensions.swift in Sources */ = {isa = PBXBuildFile; fileRef = 7CC0478A298D1A850039B6D4 /* UILabel+Extensions.swift */; };
		7CC0478D298D3DB60039B6D4 /* MvvmTableViewCell.swift in Sources */ = {isa = PBXBuildFile; fileRef = 7CC0478C298D3DB60039B6D4 /* MvvmTableViewCell.swift */; };
		7CC0478F298D3F550039B6D4 /* StockCellModel.swift in Sources */ = {isa = PBXBuildFile; fileRef = 7CC0478E298D3F550039B6D4 /* StockCellModel.swift */; };
		7CE9C8EC298BF8FC00FCD7F8 /* AppDelegate.swift in Sources */ = {isa = PBXBuildFile; fileRef = 7CE9C8EB298BF8FC00FCD7F8 /* AppDelegate.swift */; };
		7CE9C8EE298BF8FC00FCD7F8 /* SceneDelegate.swift in Sources */ = {isa = PBXBuildFile; fileRef = 7CE9C8ED298BF8FC00FCD7F8 /* SceneDelegate.swift */; };
		7CE9C8F3298BF8FC00FCD7F8 /* Main.storyboard in Resources */ = {isa = PBXBuildFile; fileRef = 7CE9C8F1298BF8FC00FCD7F8 /* Main.storyboard */; };
		7CE9C8F5298BF8FE00FCD7F8 /* Assets.xcassets in Resources */ = {isa = PBXBuildFile; fileRef = 7CE9C8F4298BF8FE00FCD7F8 /* Assets.xcassets */; };
		7CE9C8F8298BF8FE00FCD7F8 /* LaunchScreen.storyboard in Resources */ = {isa = PBXBuildFile; fileRef = 7CE9C8F6298BF8FE00FCD7F8 /* LaunchScreen.storyboard */; };
		7CE9C903298BF8FE00FCD7F8 /* ContainerTests.swift in Sources */ = {isa = PBXBuildFile; fileRef = 7CE9C902298BF8FE00FCD7F8 /* ContainerTests.swift */; };
		7CE9C90D298BF8FE00FCD7F8 /* FinanceUITests.swift in Sources */ = {isa = PBXBuildFile; fileRef = 7CE9C90C298BF8FE00FCD7F8 /* FinanceUITests.swift */; };
		7CE9C91D298BF92000FCD7F8 /* MvvmViewModel.swift in Sources */ = {isa = PBXBuildFile; fileRef = 7CE9C91C298BF92000FCD7F8 /* MvvmViewModel.swift */; };
		7CE9C91F298BF98700FCD7F8 /* MvvmViewController.swift in Sources */ = {isa = PBXBuildFile; fileRef = 7CE9C91E298BF98700FCD7F8 /* MvvmViewController.swift */; };
		7CE9C932298C046000FCD7F8 /* Container.swift in Sources */ = {isa = PBXBuildFile; fileRef = 7CE9C931298C046000FCD7F8 /* Container.swift */; };
		7CE9C935298C04D200FCD7F8 /* Holder.swift in Sources */ = {isa = PBXBuildFile; fileRef = 7CE9C934298C04D200FCD7F8 /* Holder.swift */; };
		7CE9C937298C056100FCD7F8 /* Mvvm.swift in Sources */ = {isa = PBXBuildFile; fileRef = 7CE9C936298C056100FCD7F8 /* Mvvm.swift */; };
		7CE9C93A298C067D00FCD7F8 /* Injected.swift in Sources */ = {isa = PBXBuildFile; fileRef = 7CE9C939298C067D00FCD7F8 /* Injected.swift */; };
		7CE9C93E298C06E000FCD7F8 /* BindingContext.swift in Sources */ = {isa = PBXBuildFile; fileRef = 7CE9C93D298C06E000FCD7F8 /* BindingContext.swift */; };
		7CE9C940298C073D00FCD7F8 /* MvvmSceneDelegate.swift in Sources */ = {isa = PBXBuildFile; fileRef = 7CE9C93F298C073D00FCD7F8 /* MvvmSceneDelegate.swift */; };
		7CE9C943298C08FB00FCD7F8 /* Router.swift in Sources */ = {isa = PBXBuildFile; fileRef = 7CE9C942298C08FB00FCD7F8 /* Router.swift */; };
		7CE9C945298C0C0800FCD7F8 /* ViewModel+Router.swift in Sources */ = {isa = PBXBuildFile; fileRef = 7CE9C944298C0C0800FCD7F8 /* ViewModel+Router.swift */; };
		7CE9C948298C0D4100FCD7F8 /* Navigation.swift in Sources */ = {isa = PBXBuildFile; fileRef = 7CE9C947298C0D4100FCD7F8 /* Navigation.swift */; };
		7CE9C952298C424F00FCD7F8 /* FinanceApi.swift in Sources */ = {isa = PBXBuildFile; fileRef = 7CE9C951298C424F00FCD7F8 /* FinanceApi.swift */; };
		7CEB64AA298FDB8A00A823F9 /* TestObject.swift in Sources */ = {isa = PBXBuildFile; fileRef = 7C9420DA298FD8BD0059CE14 /* TestObject.swift */; };
		7CEB64AE298FEB0800A823F9 /* RouterTests.swift in Sources */ = {isa = PBXBuildFile; fileRef = 7CEB64AD298FEB0800A823F9 /* RouterTests.swift */; };
		7CEB64B0298FEBA900A823F9 /* TestRouterObject.swift in Sources */ = {isa = PBXBuildFile; fileRef = 7CEB64AF298FEBA900A823F9 /* TestRouterObject.swift */; };
		7CEB64B3298FF44900A823F9 /* ApiTests.swift in Sources */ = {isa = PBXBuildFile; fileRef = 7CEB64B2298FF44900A823F9 /* ApiTests.swift */; };
		7CEB64B72990307E00A823F9 /* ApiError.swift in Sources */ = {isa = PBXBuildFile; fileRef = 7CEB64B62990307E00A823F9 /* ApiError.swift */; };
		8A102C4B4D4700D424CD216D /* Pods_Finance_FinanceUITests.framework in Frameworks */ = {isa = PBXBuildFile; fileRef = 126F38A7215FF13E1805C719 /* Pods_Finance_FinanceUITests.framework */; };
		8B789E0FE50CD84F0A6CFCCD /* Pods_FinanceTests.framework in Frameworks */ = {isa = PBXBuildFile; fileRef = 8EC8468070F6C2F04FE01E11 /* Pods_FinanceTests.framework */; };
		A4626130D7EC5ED134EE979F /* Pods_Finance.framework in Frameworks */ = {isa = PBXBuildFile; fileRef = DA2E1718B48C8C520D9E0D92 /* Pods_Finance.framework */; };
/* End PBXBuildFile section */

/* Begin PBXContainerItemProxy section */
		7CE9C8FF298BF8FE00FCD7F8 /* PBXContainerItemProxy */ = {
			isa = PBXContainerItemProxy;
			containerPortal = 7CE9C8E0298BF8FC00FCD7F8 /* Project object */;
			proxyType = 1;
			remoteGlobalIDString = 7CE9C8E7298BF8FC00FCD7F8;
			remoteInfo = Finance;
		};
		7CE9C909298BF8FE00FCD7F8 /* PBXContainerItemProxy */ = {
			isa = PBXContainerItemProxy;
			containerPortal = 7CE9C8E0298BF8FC00FCD7F8 /* Project object */;
			proxyType = 1;
			remoteGlobalIDString = 7CE9C8E7298BF8FC00FCD7F8;
			remoteInfo = Finance;
		};
/* End PBXContainerItemProxy section */

/* Begin PBXFileReference section */
		0839876A1F717775C9FF7C12 /* Pods-Finance-FinanceUITests.release.xcconfig */ = {isa = PBXFileReference; includeInIndex = 1; lastKnownFileType = text.xcconfig; name = "Pods-Finance-FinanceUITests.release.xcconfig"; path = "Target Support Files/Pods-Finance-FinanceUITests/Pods-Finance-FinanceUITests.release.xcconfig"; sourceTree = "<group>"; };
		126F38A7215FF13E1805C719 /* Pods_Finance_FinanceUITests.framework */ = {isa = PBXFileReference; explicitFileType = wrapper.framework; includeInIndex = 0; path = Pods_Finance_FinanceUITests.framework; sourceTree = BUILT_PRODUCTS_DIR; };
		35EC2AA558B3F17542C09498 /* Pods-Finance.debug.xcconfig */ = {isa = PBXFileReference; includeInIndex = 1; lastKnownFileType = text.xcconfig; name = "Pods-Finance.debug.xcconfig"; path = "Target Support Files/Pods-Finance/Pods-Finance.debug.xcconfig"; sourceTree = "<group>"; };
		384912B2F61CF328FC199EB7 /* Pods-FinanceTests.release.xcconfig */ = {isa = PBXFileReference; includeInIndex = 1; lastKnownFileType = text.xcconfig; name = "Pods-FinanceTests.release.xcconfig"; path = "Target Support Files/Pods-FinanceTests/Pods-FinanceTests.release.xcconfig"; sourceTree = "<group>"; };
		5A4B7C604801E887AF7AE83A /* Pods-Finance-FinanceUITests.debug.xcconfig */ = {isa = PBXFileReference; includeInIndex = 1; lastKnownFileType = text.xcconfig; name = "Pods-Finance-FinanceUITests.debug.xcconfig"; path = "Target Support Files/Pods-Finance-FinanceUITests/Pods-Finance-FinanceUITests.debug.xcconfig"; sourceTree = "<group>"; };
		71D117881373E0850FBED96C /* Pods-FinanceTests.debug.xcconfig */ = {isa = PBXFileReference; includeInIndex = 1; lastKnownFileType = text.xcconfig; name = "Pods-FinanceTests.debug.xcconfig"; path = "Target Support Files/Pods-FinanceTests/Pods-FinanceTests.debug.xcconfig"; sourceTree = "<group>"; };
		7C01A50F298C465F0071364D /* StocksViewModel.swift */ = {isa = PBXFileReference; lastKnownFileType = sourcecode.swift; path = StocksViewModel.swift; sourceTree = "<group>"; };
		7C01A51C298C5B910071364D /* BindingExtensions.swift */ = {isa = PBXFileReference; lastKnownFileType = sourcecode.swift; path = BindingExtensions.swift; sourceTree = "<group>"; };
		7C01A520298C5BD80071364D /* AnyObservableType.swift */ = {isa = PBXFileReference; lastKnownFileType = sourcecode.swift; path = AnyObservableType.swift; sourceTree = "<group>"; };
		7C01A522298C5BEC0071364D /* RxChannel.swift */ = {isa = PBXFileReference; lastKnownFileType = sourcecode.swift; path = RxChannel.swift; sourceTree = "<group>"; };
		7C01A524298C5BFF0071364D /* RxChannelTerminal.swift */ = {isa = PBXFileReference; lastKnownFileType = sourcecode.swift; path = RxChannelTerminal.swift; sourceTree = "<group>"; };
		7C01A527298C5F160071364D /* StockDetailsViewController.swift */ = {isa = PBXFileReference; lastKnownFileType = sourcecode.swift; path = StockDetailsViewController.swift; sourceTree = "<group>"; };
		7C01A528298C5F160071364D /* StockDetailsViewController.xib */ = {isa = PBXFileReference; lastKnownFileType = file.xib; path = StockDetailsViewController.xib; sourceTree = "<group>"; };
		7C01A52B298C5F200071364D /* StockDetailsViewModel.swift */ = {isa = PBXFileReference; lastKnownFileType = sourcecode.swift; path = StockDetailsViewModel.swift; sourceTree = "<group>"; };
		7C01A52F298C6B770071364D /* Optional+String.swift */ = {isa = PBXFileReference; lastKnownFileType = sourcecode.swift; path = "Optional+String.swift"; sourceTree = "<group>"; };
		7C01A532298C70340071364D /* DelegateObject.swift */ = {isa = PBXFileReference; lastKnownFileType = sourcecode.swift; path = DelegateObject.swift; sourceTree = "<group>"; };
		7C01A535298C88700071364D /* MvvmTableViewController.swift */ = {isa = PBXFileReference; lastKnownFileType = sourcecode.swift; path = MvvmTableViewController.swift; sourceTree = "<group>"; };
		7C01A537298C893A0071364D /* StocksViewController.swift */ = {isa = PBXFileReference; lastKnownFileType = sourcecode.swift; path = StocksViewController.swift; sourceTree = "<group>"; };
		7C01A538298C893A0071364D /* StocksViewController.xib */ = {isa = PBXFileReference; lastKnownFileType = file.xib; path = StocksViewController.xib; sourceTree = "<group>"; };
		7C01A53D298CFE830071364D /* ApiMarketSummaryModel.swift */ = {isa = PBXFileReference; lastKnownFileType = sourcecode.swift; path = ApiMarketSummaryModel.swift; sourceTree = "<group>"; };
		7C01A542298D0C520071364D /* StockCell.swift */ = {isa = PBXFileReference; lastKnownFileType = sourcecode.swift; path = StockCell.swift; sourceTree = "<group>"; };
		7C01A543298D0C520071364D /* StockCell.xib */ = {isa = PBXFileReference; lastKnownFileType = file.xib; path = StockCell.xib; sourceTree = "<group>"; };
		7C9420C5298D51390059CE14 /* ApiStockSummaryModel.swift */ = {isa = PBXFileReference; lastKnownFileType = sourcecode.swift; path = ApiStockSummaryModel.swift; sourceTree = "<group>"; };
		7C9420C7298D64D30059CE14 /* Colors.xcassets */ = {isa = PBXFileReference; lastKnownFileType = folder.assetcatalog; path = Colors.xcassets; sourceTree = "<group>"; };
		7C9420CB298D65DC0059CE14 /* UIColor+Assets.swift */ = {isa = PBXFileReference; lastKnownFileType = sourcecode.swift; path = "UIColor+Assets.swift"; sourceTree = "<group>"; };
		7C9420CD298D82F90059CE14 /* Formatter.swift */ = {isa = PBXFileReference; lastKnownFileType = sourcecode.swift; path = Formatter.swift; sourceTree = "<group>"; };
		7C9420D0298DA0100059CE14 /* ChartView.swift */ = {isa = PBXFileReference; lastKnownFileType = sourcecode.swift; path = ChartView.swift; sourceTree = "<group>"; };
		7C9420D2298DB8140059CE14 /* ApiChartModel.swift */ = {isa = PBXFileReference; lastKnownFileType = sourcecode.swift; path = ApiChartModel.swift; sourceTree = "<group>"; };
		7C9420D4298E71870059CE14 /* ChartViewController.swift */ = {isa = PBXFileReference; lastKnownFileType = sourcecode.swift; path = ChartViewController.swift; sourceTree = "<group>"; };
		7C9420D6298FCAA50059CE14 /* MvvmModel+API.swift */ = {isa = PBXFileReference; lastKnownFileType = sourcecode.swift; path = "MvvmModel+API.swift"; sourceTree = "<group>"; };
		7C9420D8298FD4AF0059CE14 /* Converter.swift */ = {isa = PBXFileReference; lastKnownFileType = sourcecode.swift; path = Converter.swift; sourceTree = "<group>"; };
		7C9420DA298FD8BD0059CE14 /* TestObject.swift */ = {isa = PBXFileReference; lastKnownFileType = sourcecode.swift; path = TestObject.swift; sourceTree = "<group>"; };
		7CC04788298D16A20039B6D4 /* UITableView+Registration.swift */ = {isa = PBXFileReference; lastKnownFileType = sourcecode.swift; path = "UITableView+Registration.swift"; sourceTree = "<group>"; };
		7CC0478A298D1A850039B6D4 /* UILabel+Extensions.swift */ = {isa = PBXFileReference; lastKnownFileType = sourcecode.swift; path = "UILabel+Extensions.swift"; sourceTree = "<group>"; };
		7CC0478C298D3DB60039B6D4 /* MvvmTableViewCell.swift */ = {isa = PBXFileReference; lastKnownFileType = sourcecode.swift; path = MvvmTableViewCell.swift; sourceTree = "<group>"; };
		7CC0478E298D3F550039B6D4 /* StockCellModel.swift */ = {isa = PBXFileReference; lastKnownFileType = sourcecode.swift; path = StockCellModel.swift; sourceTree = "<group>"; };
		7CE9C8E8298BF8FC00FCD7F8 /* Finance.app */ = {isa = PBXFileReference; explicitFileType = wrapper.application; includeInIndex = 0; path = Finance.app; sourceTree = BUILT_PRODUCTS_DIR; };
		7CE9C8EB298BF8FC00FCD7F8 /* AppDelegate.swift */ = {isa = PBXFileReference; lastKnownFileType = sourcecode.swift; path = AppDelegate.swift; sourceTree = "<group>"; };
		7CE9C8ED298BF8FC00FCD7F8 /* SceneDelegate.swift */ = {isa = PBXFileReference; lastKnownFileType = sourcecode.swift; path = SceneDelegate.swift; sourceTree = "<group>"; };
		7CE9C8F2298BF8FC00FCD7F8 /* Base */ = {isa = PBXFileReference; lastKnownFileType = file.storyboard; name = Base; path = Base.lproj/Main.storyboard; sourceTree = "<group>"; };
		7CE9C8F4298BF8FE00FCD7F8 /* Assets.xcassets */ = {isa = PBXFileReference; lastKnownFileType = folder.assetcatalog; path = Assets.xcassets; sourceTree = "<group>"; };
		7CE9C8F7298BF8FE00FCD7F8 /* Base */ = {isa = PBXFileReference; lastKnownFileType = file.storyboard; name = Base; path = Base.lproj/LaunchScreen.storyboard; sourceTree = "<group>"; };
		7CE9C8F9298BF8FE00FCD7F8 /* Info.plist */ = {isa = PBXFileReference; lastKnownFileType = text.plist.xml; path = Info.plist; sourceTree = "<group>"; };
		7CE9C8FE298BF8FE00FCD7F8 /* FinanceTests.xctest */ = {isa = PBXFileReference; explicitFileType = wrapper.cfbundle; includeInIndex = 0; path = FinanceTests.xctest; sourceTree = BUILT_PRODUCTS_DIR; };
		7CE9C902298BF8FE00FCD7F8 /* ContainerTests.swift */ = {isa = PBXFileReference; lastKnownFileType = sourcecode.swift; path = ContainerTests.swift; sourceTree = "<group>"; };
		7CE9C908298BF8FE00FCD7F8 /* FinanceUITests.xctest */ = {isa = PBXFileReference; explicitFileType = wrapper.cfbundle; includeInIndex = 0; path = FinanceUITests.xctest; sourceTree = BUILT_PRODUCTS_DIR; };
		7CE9C90C298BF8FE00FCD7F8 /* FinanceUITests.swift */ = {isa = PBXFileReference; lastKnownFileType = sourcecode.swift; path = FinanceUITests.swift; sourceTree = "<group>"; };
		7CE9C90E298BF8FE00FCD7F8 /* FinanceUITestsLaunchTests.swift */ = {isa = PBXFileReference; lastKnownFileType = sourcecode.swift; path = FinanceUITestsLaunchTests.swift; sourceTree = "<group>"; };
		7CE9C91C298BF92000FCD7F8 /* MvvmViewModel.swift */ = {isa = PBXFileReference; lastKnownFileType = sourcecode.swift; path = MvvmViewModel.swift; sourceTree = "<group>"; };
		7CE9C91E298BF98700FCD7F8 /* MvvmViewController.swift */ = {isa = PBXFileReference; lastKnownFileType = sourcecode.swift; path = MvvmViewController.swift; sourceTree = "<group>"; };
		7CE9C931298C046000FCD7F8 /* Container.swift */ = {isa = PBXFileReference; lastKnownFileType = sourcecode.swift; path = Container.swift; sourceTree = "<group>"; };
		7CE9C934298C04D200FCD7F8 /* Holder.swift */ = {isa = PBXFileReference; lastKnownFileType = sourcecode.swift; path = Holder.swift; sourceTree = "<group>"; };
		7CE9C936298C056100FCD7F8 /* Mvvm.swift */ = {isa = PBXFileReference; lastKnownFileType = sourcecode.swift; path = Mvvm.swift; sourceTree = "<group>"; };
		7CE9C939298C067D00FCD7F8 /* Injected.swift */ = {isa = PBXFileReference; lastKnownFileType = sourcecode.swift; path = Injected.swift; sourceTree = "<group>"; };
		7CE9C93D298C06E000FCD7F8 /* BindingContext.swift */ = {isa = PBXFileReference; lastKnownFileType = sourcecode.swift; path = BindingContext.swift; sourceTree = "<group>"; };
		7CE9C93F298C073D00FCD7F8 /* MvvmSceneDelegate.swift */ = {isa = PBXFileReference; lastKnownFileType = sourcecode.swift; path = MvvmSceneDelegate.swift; sourceTree = "<group>"; };
		7CE9C942298C08FB00FCD7F8 /* Router.swift */ = {isa = PBXFileReference; lastKnownFileType = sourcecode.swift; path = Router.swift; sourceTree = "<group>"; };
		7CE9C944298C0C0800FCD7F8 /* ViewModel+Router.swift */ = {isa = PBXFileReference; lastKnownFileType = sourcecode.swift; path = "ViewModel+Router.swift"; sourceTree = "<group>"; };
		7CE9C947298C0D4100FCD7F8 /* Navigation.swift */ = {isa = PBXFileReference; lastKnownFileType = sourcecode.swift; path = Navigation.swift; sourceTree = "<group>"; };
		7CE9C951298C424F00FCD7F8 /* FinanceApi.swift */ = {isa = PBXFileReference; lastKnownFileType = sourcecode.swift; path = FinanceApi.swift; sourceTree = "<group>"; };
		7CEB64AD298FEB0800A823F9 /* RouterTests.swift */ = {isa = PBXFileReference; lastKnownFileType = sourcecode.swift; path = RouterTests.swift; sourceTree = "<group>"; };
		7CEB64AF298FEBA900A823F9 /* TestRouterObject.swift */ = {isa = PBXFileReference; lastKnownFileType = sourcecode.swift; path = TestRouterObject.swift; sourceTree = "<group>"; };
		7CEB64B2298FF44900A823F9 /* ApiTests.swift */ = {isa = PBXFileReference; lastKnownFileType = sourcecode.swift; path = ApiTests.swift; sourceTree = "<group>"; };
		7CEB64B62990307E00A823F9 /* ApiError.swift */ = {isa = PBXFileReference; lastKnownFileType = sourcecode.swift; path = ApiError.swift; sourceTree = "<group>"; };
		8EC8468070F6C2F04FE01E11 /* Pods_FinanceTests.framework */ = {isa = PBXFileReference; explicitFileType = wrapper.framework; includeInIndex = 0; path = Pods_FinanceTests.framework; sourceTree = BUILT_PRODUCTS_DIR; };
		9B8A8C6FDE2961BE43CF431F /* Pods-Finance.release.xcconfig */ = {isa = PBXFileReference; includeInIndex = 1; lastKnownFileType = text.xcconfig; name = "Pods-Finance.release.xcconfig"; path = "Target Support Files/Pods-Finance/Pods-Finance.release.xcconfig"; sourceTree = "<group>"; };
		DA2E1718B48C8C520D9E0D92 /* Pods_Finance.framework */ = {isa = PBXFileReference; explicitFileType = wrapper.framework; includeInIndex = 0; path = Pods_Finance.framework; sourceTree = BUILT_PRODUCTS_DIR; };
/* End PBXFileReference section */

/* Begin PBXFrameworksBuildPhase section */
		7CE9C8E5298BF8FC00FCD7F8 /* Frameworks */ = {
			isa = PBXFrameworksBuildPhase;
			buildActionMask = 2147483647;
			files = (
				A4626130D7EC5ED134EE979F /* Pods_Finance.framework in Frameworks */,
			);
			runOnlyForDeploymentPostprocessing = 0;
		};
		7CE9C8FB298BF8FE00FCD7F8 /* Frameworks */ = {
			isa = PBXFrameworksBuildPhase;
			buildActionMask = 2147483647;
			files = (
				8B789E0FE50CD84F0A6CFCCD /* Pods_FinanceTests.framework in Frameworks */,
			);
			runOnlyForDeploymentPostprocessing = 0;
		};
		7CE9C905298BF8FE00FCD7F8 /* Frameworks */ = {
			isa = PBXFrameworksBuildPhase;
			buildActionMask = 2147483647;
			files = (
				8A102C4B4D4700D424CD216D /* Pods_Finance_FinanceUITests.framework in Frameworks */,
			);
			runOnlyForDeploymentPostprocessing = 0;
		};
/* End PBXFrameworksBuildPhase section */

/* Begin PBXGroup section */
		7C01A50A298C462C0071364D /* StocksScreen */ = {
			isa = PBXGroup;
			children = (
				7C01A541298D0C330071364D /* Cell */,
				7C01A50F298C465F0071364D /* StocksViewModel.swift */,
				7C01A537298C893A0071364D /* StocksViewController.swift */,
				7C01A538298C893A0071364D /* StocksViewController.xib */,
			);
			path = StocksScreen;
			sourceTree = "<group>";
		};
		7C01A519298C55230071364D /* Extensions */ = {
			isa = PBXGroup;
			children = (
				7C9420D6298FCAA50059CE14 /* MvvmModel+API.swift */,
				7C01A52F298C6B770071364D /* Optional+String.swift */,
				7CC04788298D16A20039B6D4 /* UITableView+Registration.swift */,
				7CC0478A298D1A850039B6D4 /* UILabel+Extensions.swift */,
			);
			path = Extensions;
			sourceTree = "<group>";
		};
		7C01A51E298C5BC40071364D /* ThirdParty */ = {
			isa = PBXGroup;
			children = (
				7C01A51F298C5BCC0071364D /* RxBiBinding */,
			);
			path = ThirdParty;
			sourceTree = "<group>";
		};
		7C01A51F298C5BCC0071364D /* RxBiBinding */ = {
			isa = PBXGroup;
			children = (
				7C01A520298C5BD80071364D /* AnyObservableType.swift */,
				7C01A522298C5BEC0071364D /* RxChannel.swift */,
				7C01A524298C5BFF0071364D /* RxChannelTerminal.swift */,
			);
			path = RxBiBinding;
			sourceTree = "<group>";
		};
		7C01A526298C5EFA0071364D /* StockDetailsScreen */ = {
			isa = PBXGroup;
			children = (
				7C9420CF298DA0040059CE14 /* Views */,
				7C01A52B298C5F200071364D /* StockDetailsViewModel.swift */,
				7C01A527298C5F160071364D /* StockDetailsViewController.swift */,
				7C01A528298C5F160071364D /* StockDetailsViewController.xib */,
			);
			path = StockDetailsScreen;
			sourceTree = "<group>";
		};
		7C01A531298C702A0071364D /* Utils */ = {
			isa = PBXGroup;
			children = (
				7C01A519298C55230071364D /* Extensions */,
				7C01A532298C70340071364D /* DelegateObject.swift */,
				7C9420CD298D82F90059CE14 /* Formatter.swift */,
				7C9420D8298FD4AF0059CE14 /* Converter.swift */,
			);
			path = Utils;
			sourceTree = "<group>";
		};
		7C01A541298D0C330071364D /* Cell */ = {
			isa = PBXGroup;
			children = (
				7CC0478E298D3F550039B6D4 /* StockCellModel.swift */,
				7C01A542298D0C520071364D /* StockCell.swift */,
				7C01A543298D0C520071364D /* StockCell.xib */,
			);
			path = Cell;
			sourceTree = "<group>";
		};
		7C9420C9298D654C0059CE14 /* Core */ = {
			isa = PBXGroup;
			children = (
				7CE9C8EB298BF8FC00FCD7F8 /* AppDelegate.swift */,
				7CE9C8ED298BF8FC00FCD7F8 /* SceneDelegate.swift */,
				7CE9C8F1298BF8FC00FCD7F8 /* Main.storyboard */,
				7CE9C8F6298BF8FE00FCD7F8 /* LaunchScreen.storyboard */,
				7CE9C8F9298BF8FE00FCD7F8 /* Info.plist */,
			);
			path = Core;
			sourceTree = "<group>";
		};
		7C9420CA298D65C90059CE14 /* Assets */ = {
			isa = PBXGroup;
			children = (
				7CE9C8F4298BF8FE00FCD7F8 /* Assets.xcassets */,
				7C9420C7298D64D30059CE14 /* Colors.xcassets */,
				7C9420CB298D65DC0059CE14 /* UIColor+Assets.swift */,
			);
			path = Assets;
			sourceTree = "<group>";
		};
		7C9420CF298DA0040059CE14 /* Views */ = {
			isa = PBXGroup;
			children = (
				7C9420D0298DA0100059CE14 /* ChartView.swift */,
				7C9420D4298E71870059CE14 /* ChartViewController.swift */,
			);
			path = Views;
			sourceTree = "<group>";
		};
		7CE9C8DF298BF8FC00FCD7F8 = {
			isa = PBXGroup;
			children = (
				7CE9C91B298BF91000FCD7F8 /* MVVM */,
				7CE9C8EA298BF8FC00FCD7F8 /* Finance */,
				7CE9C901298BF8FE00FCD7F8 /* FinanceTests */,
				7CE9C90B298BF8FE00FCD7F8 /* FinanceUITests */,
				7CE9C8E9298BF8FC00FCD7F8 /* Products */,
				C771E0D9FD01E144275A0DC4 /* Pods */,
				B18B2B1810768E3ACE8908CC /* Frameworks */,
			);
			sourceTree = "<group>";
		};
		7CE9C8E9298BF8FC00FCD7F8 /* Products */ = {
			isa = PBXGroup;
			children = (
				7CE9C8E8298BF8FC00FCD7F8 /* Finance.app */,
				7CE9C8FE298BF8FE00FCD7F8 /* FinanceTests.xctest */,
				7CE9C908298BF8FE00FCD7F8 /* FinanceUITests.xctest */,
			);
			name = Products;
			sourceTree = "<group>";
		};
		7CE9C8EA298BF8FC00FCD7F8 /* Finance */ = {
			isa = PBXGroup;
			children = (
				7C9420CA298D65C90059CE14 /* Assets */,
				7C9420C9298D654C0059CE14 /* Core */,
				7C01A531298C702A0071364D /* Utils */,
				7CE9C950298C3C0000FCD7F8 /* API */,
				7CE9C958298C45F200FCD7F8 /* Screens */,
			);
			path = Finance;
			sourceTree = "<group>";
		};
		7CE9C901298BF8FE00FCD7F8 /* FinanceTests */ = {
			isa = PBXGroup;
			children = (
				7CEB64B1298FF43B00A823F9 /* ApiTests */,
				7CEB64AC298FEAF700A823F9 /* RouterTests */,
				7CEB64AB298FEAE800A823F9 /* ContainerTests */,
			);
			path = FinanceTests;
			sourceTree = "<group>";
		};
		7CE9C90B298BF8FE00FCD7F8 /* FinanceUITests */ = {
			isa = PBXGroup;
			children = (
				7CE9C90C298BF8FE00FCD7F8 /* FinanceUITests.swift */,
				7CE9C90E298BF8FE00FCD7F8 /* FinanceUITestsLaunchTests.swift */,
			);
			path = FinanceUITests;
			sourceTree = "<group>";
		};
		7CE9C91B298BF91000FCD7F8 /* MVVM */ = {
			isa = PBXGroup;
			children = (
				7C01A51E298C5BC40071364D /* ThirdParty */,
				7CE9C93C298C06D000FCD7F8 /* Core */,
				7CE9C93B298C06C800FCD7F8 /* Utils */,
				7CE9C936298C056100FCD7F8 /* Mvvm.swift */,
			);
			path = MVVM;
			sourceTree = "<group>";
		};
		7CE9C930298C043300FCD7F8 /* Container */ = {
			isa = PBXGroup;
			children = (
				7CE9C933298C04CB00FCD7F8 /* Holder */,
				7CE9C931298C046000FCD7F8 /* Container.swift */,
				7CE9C939298C067D00FCD7F8 /* Injected.swift */,
			);
			path = Container;
			sourceTree = "<group>";
		};
		7CE9C933298C04CB00FCD7F8 /* Holder */ = {
			isa = PBXGroup;
			children = (
				7CE9C934298C04D200FCD7F8 /* Holder.swift */,
			);
			path = Holder;
			sourceTree = "<group>";
		};
		7CE9C93B298C06C800FCD7F8 /* Utils */ = {
			isa = PBXGroup;
			children = (
				7CE9C941298C08F300FCD7F8 /* Router */,
				7CE9C930298C043300FCD7F8 /* Container */,
				7CE9C946298C0D3500FCD7F8 /* Navigation */,
				7CE9C93D298C06E000FCD7F8 /* BindingContext.swift */,
				7C01A51C298C5B910071364D /* BindingExtensions.swift */,
			);
			path = Utils;
			sourceTree = "<group>";
		};
		7CE9C93C298C06D000FCD7F8 /* Core */ = {
			isa = PBXGroup;
			children = (
				7CE9C91C298BF92000FCD7F8 /* MvvmViewModel.swift */,
				7CE9C91E298BF98700FCD7F8 /* MvvmViewController.swift */,
				7C01A535298C88700071364D /* MvvmTableViewController.swift */,
				7CE9C93F298C073D00FCD7F8 /* MvvmSceneDelegate.swift */,
				7CC0478C298D3DB60039B6D4 /* MvvmTableViewCell.swift */,
			);
			path = Core;
			sourceTree = "<group>";
		};
		7CE9C941298C08F300FCD7F8 /* Router */ = {
			isa = PBXGroup;
			children = (
				7CE9C942298C08FB00FCD7F8 /* Router.swift */,
				7CE9C944298C0C0800FCD7F8 /* ViewModel+Router.swift */,
			);
			path = Router;
			sourceTree = "<group>";
		};
		7CE9C946298C0D3500FCD7F8 /* Navigation */ = {
			isa = PBXGroup;
			children = (
				7CE9C947298C0D4100FCD7F8 /* Navigation.swift */,
			);
			path = Navigation;
			sourceTree = "<group>";
		};
		7CE9C950298C3C0000FCD7F8 /* API */ = {
			isa = PBXGroup;
			children = (
				7CE9C953298C426E00FCD7F8 /* Models */,
				7CEB64B62990307E00A823F9 /* ApiError.swift */,
				7CE9C951298C424F00FCD7F8 /* FinanceApi.swift */,
			);
			path = API;
			sourceTree = "<group>";
		};
		7CE9C953298C426E00FCD7F8 /* Models */ = {
			isa = PBXGroup;
			children = (
				7C01A53D298CFE830071364D /* ApiMarketSummaryModel.swift */,
				7C9420C5298D51390059CE14 /* ApiStockSummaryModel.swift */,
				7C9420D2298DB8140059CE14 /* ApiChartModel.swift */,
			);
			path = Models;
			sourceTree = "<group>";
		};
		7CE9C958298C45F200FCD7F8 /* Screens */ = {
			isa = PBXGroup;
			children = (
				7C01A526298C5EFA0071364D /* StockDetailsScreen */,
				7C01A50A298C462C0071364D /* StocksScreen */,
			);
			path = Screens;
			sourceTree = "<group>";
		};
		7CEB64AB298FEAE800A823F9 /* ContainerTests */ = {
			isa = PBXGroup;
			children = (
				7C9420DA298FD8BD0059CE14 /* TestObject.swift */,
				7CE9C902298BF8FE00FCD7F8 /* ContainerTests.swift */,
			);
			path = ContainerTests;
			sourceTree = "<group>";
		};
		7CEB64AC298FEAF700A823F9 /* RouterTests */ = {
			isa = PBXGroup;
			children = (
				7CEB64AF298FEBA900A823F9 /* TestRouterObject.swift */,
				7CEB64AD298FEB0800A823F9 /* RouterTests.swift */,
			);
			path = RouterTests;
			sourceTree = "<group>";
		};
		7CEB64B1298FF43B00A823F9 /* ApiTests */ = {
			isa = PBXGroup;
			children = (
				7CEB64B2298FF44900A823F9 /* ApiTests.swift */,
			);
			path = ApiTests;
			sourceTree = "<group>";
		};
		B18B2B1810768E3ACE8908CC /* Frameworks */ = {
			isa = PBXGroup;
			children = (
				DA2E1718B48C8C520D9E0D92 /* Pods_Finance.framework */,
				126F38A7215FF13E1805C719 /* Pods_Finance_FinanceUITests.framework */,
				8EC8468070F6C2F04FE01E11 /* Pods_FinanceTests.framework */,
			);
			name = Frameworks;
			sourceTree = "<group>";
		};
		C771E0D9FD01E144275A0DC4 /* Pods */ = {
			isa = PBXGroup;
			children = (
				35EC2AA558B3F17542C09498 /* Pods-Finance.debug.xcconfig */,
				9B8A8C6FDE2961BE43CF431F /* Pods-Finance.release.xcconfig */,
				5A4B7C604801E887AF7AE83A /* Pods-Finance-FinanceUITests.debug.xcconfig */,
				0839876A1F717775C9FF7C12 /* Pods-Finance-FinanceUITests.release.xcconfig */,
				71D117881373E0850FBED96C /* Pods-FinanceTests.debug.xcconfig */,
				384912B2F61CF328FC199EB7 /* Pods-FinanceTests.release.xcconfig */,
			);
			path = Pods;
			sourceTree = "<group>";
		};
/* End PBXGroup section */

/* Begin PBXNativeTarget section */
		7CE9C8E7298BF8FC00FCD7F8 /* Finance */ = {
			isa = PBXNativeTarget;
			buildConfigurationList = 7CE9C912298BF8FE00FCD7F8 /* Build configuration list for PBXNativeTarget "Finance" */;
			buildPhases = (
				A7F7B4D6D7AC3CDC9ED7FB6A /* [CP] Check Pods Manifest.lock */,
				7CE9C8E4298BF8FC00FCD7F8 /* Sources */,
				7CE9C8E5298BF8FC00FCD7F8 /* Frameworks */,
				7CE9C8E6298BF8FC00FCD7F8 /* Resources */,
				15F7EE37BC129F5317448FB3 /* [CP] Embed Pods Frameworks */,
			);
			buildRules = (
			);
			dependencies = (
			);
			name = Finance;
			productName = Finance;
			productReference = 7CE9C8E8298BF8FC00FCD7F8 /* Finance.app */;
			productType = "com.apple.product-type.application";
		};
		7CE9C8FD298BF8FE00FCD7F8 /* FinanceTests */ = {
			isa = PBXNativeTarget;
			buildConfigurationList = 7CE9C915298BF8FE00FCD7F8 /* Build configuration list for PBXNativeTarget "FinanceTests" */;
			buildPhases = (
				B7EED7929E638275AE7B794B /* [CP] Check Pods Manifest.lock */,
				7CE9C8FA298BF8FE00FCD7F8 /* Sources */,
				7CE9C8FB298BF8FE00FCD7F8 /* Frameworks */,
				7CE9C8FC298BF8FE00FCD7F8 /* Resources */,
			);
			buildRules = (
			);
			dependencies = (
				7CE9C900298BF8FE00FCD7F8 /* PBXTargetDependency */,
			);
			name = FinanceTests;
			productName = FinanceTests;
			productReference = 7CE9C8FE298BF8FE00FCD7F8 /* FinanceTests.xctest */;
			productType = "com.apple.product-type.bundle.unit-test";
		};
		7CE9C907298BF8FE00FCD7F8 /* FinanceUITests */ = {
			isa = PBXNativeTarget;
			buildConfigurationList = 7CE9C918298BF8FE00FCD7F8 /* Build configuration list for PBXNativeTarget "FinanceUITests" */;
			buildPhases = (
				A012E8BB5E626BACD32C12C2 /* [CP] Check Pods Manifest.lock */,
				7CE9C904298BF8FE00FCD7F8 /* Sources */,
				7CE9C905298BF8FE00FCD7F8 /* Frameworks */,
				7CE9C906298BF8FE00FCD7F8 /* Resources */,
				68F2141631E9CADF99129E53 /* [CP] Embed Pods Frameworks */,
			);
			buildRules = (
			);
			dependencies = (
				7CE9C90A298BF8FE00FCD7F8 /* PBXTargetDependency */,
			);
			name = FinanceUITests;
			productName = FinanceUITests;
			productReference = 7CE9C908298BF8FE00FCD7F8 /* FinanceUITests.xctest */;
			productType = "com.apple.product-type.bundle.ui-testing";
		};
/* End PBXNativeTarget section */

/* Begin PBXProject section */
		7CE9C8E0298BF8FC00FCD7F8 /* Project object */ = {
			isa = PBXProject;
			attributes = {
				BuildIndependentTargetsInParallel = 1;
				LastSwiftUpdateCheck = 1420;
				LastUpgradeCheck = 1420;
				TargetAttributes = {
					7CE9C8E7298BF8FC00FCD7F8 = {
						CreatedOnToolsVersion = 14.2;
					};
					7CE9C8FD298BF8FE00FCD7F8 = {
						CreatedOnToolsVersion = 14.2;
						TestTargetID = 7CE9C8E7298BF8FC00FCD7F8;
					};
					7CE9C907298BF8FE00FCD7F8 = {
						CreatedOnToolsVersion = 14.2;
						TestTargetID = 7CE9C8E7298BF8FC00FCD7F8;
					};
				};
			};
			buildConfigurationList = 7CE9C8E3298BF8FC00FCD7F8 /* Build configuration list for PBXProject "Finance" */;
			compatibilityVersion = "Xcode 14.0";
			developmentRegion = en;
			hasScannedForEncodings = 0;
			knownRegions = (
				en,
				Base,
			);
			mainGroup = 7CE9C8DF298BF8FC00FCD7F8;
			productRefGroup = 7CE9C8E9298BF8FC00FCD7F8 /* Products */;
			projectDirPath = "";
			projectRoot = "";
			targets = (
				7CE9C8E7298BF8FC00FCD7F8 /* Finance */,
				7CE9C8FD298BF8FE00FCD7F8 /* FinanceTests */,
				7CE9C907298BF8FE00FCD7F8 /* FinanceUITests */,
			);
		};
/* End PBXProject section */

/* Begin PBXResourcesBuildPhase section */
		7CE9C8E6298BF8FC00FCD7F8 /* Resources */ = {
			isa = PBXResourcesBuildPhase;
			buildActionMask = 2147483647;
			files = (
				7CE9C8F8298BF8FE00FCD7F8 /* LaunchScreen.storyboard in Resources */,
				7C01A545298D0C520071364D /* StockCell.xib in Resources */,
				7CE9C8F5298BF8FE00FCD7F8 /* Assets.xcassets in Resources */,
				7CE9C8F3298BF8FC00FCD7F8 /* Main.storyboard in Resources */,
				7C01A52A298C5F160071364D /* StockDetailsViewController.xib in Resources */,
				7C01A53A298C893A0071364D /* StocksViewController.xib in Resources */,
				7C9420C8298D64D30059CE14 /* Colors.xcassets in Resources */,
			);
			runOnlyForDeploymentPostprocessing = 0;
		};
		7CE9C8FC298BF8FE00FCD7F8 /* Resources */ = {
			isa = PBXResourcesBuildPhase;
			buildActionMask = 2147483647;
			files = (
			);
			runOnlyForDeploymentPostprocessing = 0;
		};
		7CE9C906298BF8FE00FCD7F8 /* Resources */ = {
			isa = PBXResourcesBuildPhase;
			buildActionMask = 2147483647;
			files = (
			);
			runOnlyForDeploymentPostprocessing = 0;
		};
/* End PBXResourcesBuildPhase section */

/* Begin PBXShellScriptBuildPhase section */
		15F7EE37BC129F5317448FB3 /* [CP] Embed Pods Frameworks */ = {
			isa = PBXShellScriptBuildPhase;
			buildActionMask = 2147483647;
			files = (
			);
			inputFileListPaths = (
				"${PODS_ROOT}/Target Support Files/Pods-Finance/Pods-Finance-frameworks-${CONFIGURATION}-input-files.xcfilelist",
			);
			name = "[CP] Embed Pods Frameworks";
			outputFileListPaths = (
				"${PODS_ROOT}/Target Support Files/Pods-Finance/Pods-Finance-frameworks-${CONFIGURATION}-output-files.xcfilelist",
			);
			runOnlyForDeploymentPostprocessing = 0;
			shellPath = /bin/sh;
			shellScript = "\"${PODS_ROOT}/Target Support Files/Pods-Finance/Pods-Finance-frameworks.sh\"\n";
			showEnvVarsInLog = 0;
		};
		68F2141631E9CADF99129E53 /* [CP] Embed Pods Frameworks */ = {
			isa = PBXShellScriptBuildPhase;
			buildActionMask = 2147483647;
			files = (
			);
			inputFileListPaths = (
				"${PODS_ROOT}/Target Support Files/Pods-Finance-FinanceUITests/Pods-Finance-FinanceUITests-frameworks-${CONFIGURATION}-input-files.xcfilelist",
			);
			name = "[CP] Embed Pods Frameworks";
			outputFileListPaths = (
				"${PODS_ROOT}/Target Support Files/Pods-Finance-FinanceUITests/Pods-Finance-FinanceUITests-frameworks-${CONFIGURATION}-output-files.xcfilelist",
			);
			runOnlyForDeploymentPostprocessing = 0;
			shellPath = /bin/sh;
			shellScript = "\"${PODS_ROOT}/Target Support Files/Pods-Finance-FinanceUITests/Pods-Finance-FinanceUITests-frameworks.sh\"\n";
			showEnvVarsInLog = 0;
		};
		A012E8BB5E626BACD32C12C2 /* [CP] Check Pods Manifest.lock */ = {
			isa = PBXShellScriptBuildPhase;
			buildActionMask = 2147483647;
			files = (
			);
			inputFileListPaths = (
			);
			inputPaths = (
				"${PODS_PODFILE_DIR_PATH}/Podfile.lock",
				"${PODS_ROOT}/Manifest.lock",
			);
			name = "[CP] Check Pods Manifest.lock";
			outputFileListPaths = (
			);
			outputPaths = (
				"$(DERIVED_FILE_DIR)/Pods-Finance-FinanceUITests-checkManifestLockResult.txt",
			);
			runOnlyForDeploymentPostprocessing = 0;
			shellPath = /bin/sh;
			shellScript = "diff \"${PODS_PODFILE_DIR_PATH}/Podfile.lock\" \"${PODS_ROOT}/Manifest.lock\" > /dev/null\nif [ $? != 0 ] ; then\n    # print error to STDERR\n    echo \"error: The sandbox is not in sync with the Podfile.lock. Run 'pod install' or update your CocoaPods installation.\" >&2\n    exit 1\nfi\n# This output is used by Xcode 'outputs' to avoid re-running this script phase.\necho \"SUCCESS\" > \"${SCRIPT_OUTPUT_FILE_0}\"\n";
			showEnvVarsInLog = 0;
		};
		A7F7B4D6D7AC3CDC9ED7FB6A /* [CP] Check Pods Manifest.lock */ = {
			isa = PBXShellScriptBuildPhase;
			buildActionMask = 2147483647;
			files = (
			);
			inputFileListPaths = (
			);
			inputPaths = (
				"${PODS_PODFILE_DIR_PATH}/Podfile.lock",
				"${PODS_ROOT}/Manifest.lock",
			);
			name = "[CP] Check Pods Manifest.lock";
			outputFileListPaths = (
			);
			outputPaths = (
				"$(DERIVED_FILE_DIR)/Pods-Finance-checkManifestLockResult.txt",
			);
			runOnlyForDeploymentPostprocessing = 0;
			shellPath = /bin/sh;
			shellScript = "diff \"${PODS_PODFILE_DIR_PATH}/Podfile.lock\" \"${PODS_ROOT}/Manifest.lock\" > /dev/null\nif [ $? != 0 ] ; then\n    # print error to STDERR\n    echo \"error: The sandbox is not in sync with the Podfile.lock. Run 'pod install' or update your CocoaPods installation.\" >&2\n    exit 1\nfi\n# This output is used by Xcode 'outputs' to avoid re-running this script phase.\necho \"SUCCESS\" > \"${SCRIPT_OUTPUT_FILE_0}\"\n";
			showEnvVarsInLog = 0;
		};
		B7EED7929E638275AE7B794B /* [CP] Check Pods Manifest.lock */ = {
			isa = PBXShellScriptBuildPhase;
			buildActionMask = 2147483647;
			files = (
			);
			inputFileListPaths = (
			);
			inputPaths = (
				"${PODS_PODFILE_DIR_PATH}/Podfile.lock",
				"${PODS_ROOT}/Manifest.lock",
			);
			name = "[CP] Check Pods Manifest.lock";
			outputFileListPaths = (
			);
			outputPaths = (
				"$(DERIVED_FILE_DIR)/Pods-FinanceTests-checkManifestLockResult.txt",
			);
			runOnlyForDeploymentPostprocessing = 0;
			shellPath = /bin/sh;
			shellScript = "diff \"${PODS_PODFILE_DIR_PATH}/Podfile.lock\" \"${PODS_ROOT}/Manifest.lock\" > /dev/null\nif [ $? != 0 ] ; then\n    # print error to STDERR\n    echo \"error: The sandbox is not in sync with the Podfile.lock. Run 'pod install' or update your CocoaPods installation.\" >&2\n    exit 1\nfi\n# This output is used by Xcode 'outputs' to avoid re-running this script phase.\necho \"SUCCESS\" > \"${SCRIPT_OUTPUT_FILE_0}\"\n";
			showEnvVarsInLog = 0;
		};
/* End PBXShellScriptBuildPhase section */

/* Begin PBXSourcesBuildPhase section */
		7CE9C8E4298BF8FC00FCD7F8 /* Sources */ = {
			isa = PBXSourcesBuildPhase;
			buildActionMask = 2147483647;
			files = (
				7C01A533298C70340071364D /* DelegateObject.swift in Sources */,
				7C01A530298C6B770071364D /* Optional+String.swift in Sources */,
				7CE9C952298C424F00FCD7F8 /* FinanceApi.swift in Sources */,
				7C01A536298C88700071364D /* MvvmTableViewController.swift in Sources */,
				7C9420D1298DA0100059CE14 /* ChartView.swift in Sources */,
				7CC04789298D16A20039B6D4 /* UITableView+Registration.swift in Sources */,
				7CC0478B298D1A850039B6D4 /* UILabel+Extensions.swift in Sources */,
				7C01A529298C5F160071364D /* StockDetailsViewController.swift in Sources */,
				7CE9C932298C046000FCD7F8 /* Container.swift in Sources */,
				7C9420D9298FD4AF0059CE14 /* Converter.swift in Sources */,
				7CE9C940298C073D00FCD7F8 /* MvvmSceneDelegate.swift in Sources */,
				7C9420CE298D82F90059CE14 /* Formatter.swift in Sources */,
				7CE9C91D298BF92000FCD7F8 /* MvvmViewModel.swift in Sources */,
				7CE9C8EC298BF8FC00FCD7F8 /* AppDelegate.swift in Sources */,
				7CE9C93A298C067D00FCD7F8 /* Injected.swift in Sources */,
				7C9420D3298DB8140059CE14 /* ApiChartModel.swift in Sources */,
				7C9420D7298FCAA50059CE14 /* MvvmModel+API.swift in Sources */,
				7C01A544298D0C520071364D /* StockCell.swift in Sources */,
				7CE9C935298C04D200FCD7F8 /* Holder.swift in Sources */,
				7CC0478D298D3DB60039B6D4 /* MvvmTableViewCell.swift in Sources */,
				7CE9C937298C056100FCD7F8 /* Mvvm.swift in Sources */,
				7C01A51D298C5B910071364D /* BindingExtensions.swift in Sources */,
				7C01A52C298C5F200071364D /* StockDetailsViewModel.swift in Sources */,
				7C01A525298C5BFF0071364D /* RxChannelTerminal.swift in Sources */,
				7CE9C91F298BF98700FCD7F8 /* MvvmViewController.swift in Sources */,
				7C01A521298C5BD80071364D /* AnyObservableType.swift in Sources */,
				7CEB64B72990307E00A823F9 /* ApiError.swift in Sources */,
				7CE9C93E298C06E000FCD7F8 /* BindingContext.swift in Sources */,
				7CE9C945298C0C0800FCD7F8 /* ViewModel+Router.swift in Sources */,
				7C9420D5298E71870059CE14 /* ChartViewController.swift in Sources */,
				7C9420CC298D65DC0059CE14 /* UIColor+Assets.swift in Sources */,
				7C01A539298C893A0071364D /* StocksViewController.swift in Sources */,
				7C01A510298C465F0071364D /* StocksViewModel.swift in Sources */,
				7CE9C948298C0D4100FCD7F8 /* Navigation.swift in Sources */,
				7C01A53E298CFE830071364D /* ApiMarketSummaryModel.swift in Sources */,
				7CC0478F298D3F550039B6D4 /* StockCellModel.swift in Sources */,
				7CE9C8EE298BF8FC00FCD7F8 /* SceneDelegate.swift in Sources */,
				7C9420C6298D51390059CE14 /* ApiStockSummaryModel.swift in Sources */,
				7CE9C943298C08FB00FCD7F8 /* Router.swift in Sources */,
				7C01A523298C5BEC0071364D /* RxChannel.swift in Sources */,
			);
			runOnlyForDeploymentPostprocessing = 0;
		};
		7CE9C8FA298BF8FE00FCD7F8 /* Sources */ = {
			isa = PBXSourcesBuildPhase;
			buildActionMask = 2147483647;
			files = (
				7CEB64AA298FDB8A00A823F9 /* TestObject.swift in Sources */,
				7CEB64B0298FEBA900A823F9 /* TestRouterObject.swift in Sources */,
				7CEB64AE298FEB0800A823F9 /* RouterTests.swift in Sources */,
				7CEB64B3298FF44900A823F9 /* ApiTests.swift in Sources */,
				7CE9C903298BF8FE00FCD7F8 /* ContainerTests.swift in Sources */,
			);
			runOnlyForDeploymentPostprocessing = 0;
		};
		7CE9C904298BF8FE00FCD7F8 /* Sources */ = {
			isa = PBXSourcesBuildPhase;
			buildActionMask = 2147483647;
			files = (
				7CE9C90D298BF8FE00FCD7F8 /* FinanceUITests.swift in Sources */,
			);
			runOnlyForDeploymentPostprocessing = 0;
		};
/* End PBXSourcesBuildPhase section */

/* Begin PBXTargetDependency section */
		7CE9C900298BF8FE00FCD7F8 /* PBXTargetDependency */ = {
			isa = PBXTargetDependency;
			target = 7CE9C8E7298BF8FC00FCD7F8 /* Finance */;
			targetProxy = 7CE9C8FF298BF8FE00FCD7F8 /* PBXContainerItemProxy */;
		};
		7CE9C90A298BF8FE00FCD7F8 /* PBXTargetDependency */ = {
			isa = PBXTargetDependency;
			target = 7CE9C8E7298BF8FC00FCD7F8 /* Finance */;
			targetProxy = 7CE9C909298BF8FE00FCD7F8 /* PBXContainerItemProxy */;
		};
/* End PBXTargetDependency section */

/* Begin PBXVariantGroup section */
		7CE9C8F1298BF8FC00FCD7F8 /* Main.storyboard */ = {
			isa = PBXVariantGroup;
			children = (
				7CE9C8F2298BF8FC00FCD7F8 /* Base */,
			);
			name = Main.storyboard;
			sourceTree = "<group>";
		};
		7CE9C8F6298BF8FE00FCD7F8 /* LaunchScreen.storyboard */ = {
			isa = PBXVariantGroup;
			children = (
				7CE9C8F7298BF8FE00FCD7F8 /* Base */,
			);
			name = LaunchScreen.storyboard;
			sourceTree = "<group>";
		};
/* End PBXVariantGroup section */

/* Begin XCBuildConfiguration section */
		7CE9C910298BF8FE00FCD7F8 /* Debug */ = {
			isa = XCBuildConfiguration;
			buildSettings = {
				ALWAYS_SEARCH_USER_PATHS = NO;
				CLANG_ANALYZER_NONNULL = YES;
				CLANG_ANALYZER_NUMBER_OBJECT_CONVERSION = YES_AGGRESSIVE;
				CLANG_CXX_LANGUAGE_STANDARD = "gnu++20";
				CLANG_ENABLE_MODULES = YES;
				CLANG_ENABLE_OBJC_ARC = YES;
				CLANG_ENABLE_OBJC_WEAK = YES;
				CLANG_WARN_BLOCK_CAPTURE_AUTORELEASING = YES;
				CLANG_WARN_BOOL_CONVERSION = YES;
				CLANG_WARN_COMMA = YES;
				CLANG_WARN_CONSTANT_CONVERSION = YES;
				CLANG_WARN_DEPRECATED_OBJC_IMPLEMENTATIONS = YES;
				CLANG_WARN_DIRECT_OBJC_ISA_USAGE = YES_ERROR;
				CLANG_WARN_DOCUMENTATION_COMMENTS = YES;
				CLANG_WARN_EMPTY_BODY = YES;
				CLANG_WARN_ENUM_CONVERSION = YES;
				CLANG_WARN_INFINITE_RECURSION = YES;
				CLANG_WARN_INT_CONVERSION = YES;
				CLANG_WARN_NON_LITERAL_NULL_CONVERSION = YES;
				CLANG_WARN_OBJC_IMPLICIT_RETAIN_SELF = YES;
				CLANG_WARN_OBJC_LITERAL_CONVERSION = YES;
				CLANG_WARN_OBJC_ROOT_CLASS = YES_ERROR;
				CLANG_WARN_QUOTED_INCLUDE_IN_FRAMEWORK_HEADER = YES;
				CLANG_WARN_RANGE_LOOP_ANALYSIS = YES;
				CLANG_WARN_STRICT_PROTOTYPES = YES;
				CLANG_WARN_SUSPICIOUS_MOVE = YES;
				CLANG_WARN_UNGUARDED_AVAILABILITY = YES_AGGRESSIVE;
				CLANG_WARN_UNREACHABLE_CODE = YES;
				CLANG_WARN__DUPLICATE_METHOD_MATCH = YES;
				COPY_PHASE_STRIP = NO;
				DEBUG_INFORMATION_FORMAT = dwarf;
				ENABLE_STRICT_OBJC_MSGSEND = YES;
				ENABLE_TESTABILITY = YES;
				GCC_C_LANGUAGE_STANDARD = gnu11;
				GCC_DYNAMIC_NO_PIC = NO;
				GCC_NO_COMMON_BLOCKS = YES;
				GCC_OPTIMIZATION_LEVEL = 0;
				GCC_PREPROCESSOR_DEFINITIONS = (
					"DEBUG=1",
					"$(inherited)",
				);
				GCC_WARN_64_TO_32_BIT_CONVERSION = YES;
				GCC_WARN_ABOUT_RETURN_TYPE = YES_ERROR;
				GCC_WARN_UNDECLARED_SELECTOR = YES;
				GCC_WARN_UNINITIALIZED_AUTOS = YES_AGGRESSIVE;
				GCC_WARN_UNUSED_FUNCTION = YES;
				GCC_WARN_UNUSED_VARIABLE = YES;
				IPHONEOS_DEPLOYMENT_TARGET = 16.2;
				MTL_ENABLE_DEBUG_INFO = INCLUDE_SOURCE;
				MTL_FAST_MATH = YES;
				ONLY_ACTIVE_ARCH = YES;
				SDKROOT = iphoneos;
				SWIFT_ACTIVE_COMPILATION_CONDITIONS = DEBUG;
				SWIFT_OPTIMIZATION_LEVEL = "-Onone";
			};
			name = Debug;
		};
		7CE9C911298BF8FE00FCD7F8 /* Release */ = {
			isa = XCBuildConfiguration;
			buildSettings = {
				ALWAYS_SEARCH_USER_PATHS = NO;
				CLANG_ANALYZER_NONNULL = YES;
				CLANG_ANALYZER_NUMBER_OBJECT_CONVERSION = YES_AGGRESSIVE;
				CLANG_CXX_LANGUAGE_STANDARD = "gnu++20";
				CLANG_ENABLE_MODULES = YES;
				CLANG_ENABLE_OBJC_ARC = YES;
				CLANG_ENABLE_OBJC_WEAK = YES;
				CLANG_WARN_BLOCK_CAPTURE_AUTORELEASING = YES;
				CLANG_WARN_BOOL_CONVERSION = YES;
				CLANG_WARN_COMMA = YES;
				CLANG_WARN_CONSTANT_CONVERSION = YES;
				CLANG_WARN_DEPRECATED_OBJC_IMPLEMENTATIONS = YES;
				CLANG_WARN_DIRECT_OBJC_ISA_USAGE = YES_ERROR;
				CLANG_WARN_DOCUMENTATION_COMMENTS = YES;
				CLANG_WARN_EMPTY_BODY = YES;
				CLANG_WARN_ENUM_CONVERSION = YES;
				CLANG_WARN_INFINITE_RECURSION = YES;
				CLANG_WARN_INT_CONVERSION = YES;
				CLANG_WARN_NON_LITERAL_NULL_CONVERSION = YES;
				CLANG_WARN_OBJC_IMPLICIT_RETAIN_SELF = YES;
				CLANG_WARN_OBJC_LITERAL_CONVERSION = YES;
				CLANG_WARN_OBJC_ROOT_CLASS = YES_ERROR;
				CLANG_WARN_QUOTED_INCLUDE_IN_FRAMEWORK_HEADER = YES;
				CLANG_WARN_RANGE_LOOP_ANALYSIS = YES;
				CLANG_WARN_STRICT_PROTOTYPES = YES;
				CLANG_WARN_SUSPICIOUS_MOVE = YES;
				CLANG_WARN_UNGUARDED_AVAILABILITY = YES_AGGRESSIVE;
				CLANG_WARN_UNREACHABLE_CODE = YES;
				CLANG_WARN__DUPLICATE_METHOD_MATCH = YES;
				COPY_PHASE_STRIP = NO;
				DEBUG_INFORMATION_FORMAT = "dwarf-with-dsym";
				ENABLE_NS_ASSERTIONS = NO;
				ENABLE_STRICT_OBJC_MSGSEND = YES;
				GCC_C_LANGUAGE_STANDARD = gnu11;
				GCC_NO_COMMON_BLOCKS = YES;
				GCC_WARN_64_TO_32_BIT_CONVERSION = YES;
				GCC_WARN_ABOUT_RETURN_TYPE = YES_ERROR;
				GCC_WARN_UNDECLARED_SELECTOR = YES;
				GCC_WARN_UNINITIALIZED_AUTOS = YES_AGGRESSIVE;
				GCC_WARN_UNUSED_FUNCTION = YES;
				GCC_WARN_UNUSED_VARIABLE = YES;
				IPHONEOS_DEPLOYMENT_TARGET = 16.2;
				MTL_ENABLE_DEBUG_INFO = NO;
				MTL_FAST_MATH = YES;
				SDKROOT = iphoneos;
				SWIFT_COMPILATION_MODE = wholemodule;
				SWIFT_OPTIMIZATION_LEVEL = "-O";
				VALIDATE_PRODUCT = YES;
			};
			name = Release;
		};
		7CE9C913298BF8FE00FCD7F8 /* Debug */ = {
			isa = XCBuildConfiguration;
			baseConfigurationReference = 35EC2AA558B3F17542C09498 /* Pods-Finance.debug.xcconfig */;
			buildSettings = {
				ASSETCATALOG_COMPILER_APPICON_NAME = AppIcon;
				ASSETCATALOG_COMPILER_GLOBAL_ACCENT_COLOR_NAME = AccentColor;
				CODE_SIGN_STYLE = Automatic;
				CURRENT_PROJECT_VERSION = 1;
				DEVELOPMENT_TEAM = D59DHVRS87;
				GENERATE_INFOPLIST_FILE = YES;
				INFOPLIST_FILE = Finance/Core/Info.plist;
				INFOPLIST_KEY_CFBundleDisplayName = "Stonks!";
				INFOPLIST_KEY_UIApplicationSupportsIndirectInputEvents = YES;
				INFOPLIST_KEY_UILaunchStoryboardName = LaunchScreen;
				INFOPLIST_KEY_UIMainStoryboardFile = Main;
				INFOPLIST_KEY_UISupportedInterfaceOrientations_iPad = "UIInterfaceOrientationPortrait UIInterfaceOrientationPortraitUpsideDown UIInterfaceOrientationLandscapeLeft UIInterfaceOrientationLandscapeRight";
				INFOPLIST_KEY_UISupportedInterfaceOrientations_iPhone = "UIInterfaceOrientationPortrait UIInterfaceOrientationLandscapeLeft UIInterfaceOrientationLandscapeRight";
				LD_RUNPATH_SEARCH_PATHS = (
					"$(inherited)",
					"@executable_path/Frameworks",
				);
				MARKETING_VERSION = 1.0;
				PRODUCT_BUNDLE_IDENTIFIER = ru.xitrix.Finance;
				PRODUCT_NAME = "$(TARGET_NAME)";
				SWIFT_EMIT_LOC_STRINGS = YES;
				SWIFT_VERSION = 5.0;
				TARGETED_DEVICE_FAMILY = "1,2";
			};
			name = Debug;
		};
		7CE9C914298BF8FE00FCD7F8 /* Release */ = {
			isa = XCBuildConfiguration;
			baseConfigurationReference = 9B8A8C6FDE2961BE43CF431F /* Pods-Finance.release.xcconfig */;
			buildSettings = {
				ASSETCATALOG_COMPILER_APPICON_NAME = AppIcon;
				ASSETCATALOG_COMPILER_GLOBAL_ACCENT_COLOR_NAME = AccentColor;
				CODE_SIGN_STYLE = Automatic;
				CURRENT_PROJECT_VERSION = 1;
				DEVELOPMENT_TEAM = D59DHVRS87;
				GENERATE_INFOPLIST_FILE = YES;
				INFOPLIST_FILE = Finance/Core/Info.plist;
				INFOPLIST_KEY_CFBundleDisplayName = "Stonks!";
				INFOPLIST_KEY_UIApplicationSupportsIndirectInputEvents = YES;
				INFOPLIST_KEY_UILaunchStoryboardName = LaunchScreen;
				INFOPLIST_KEY_UIMainStoryboardFile = Main;
				INFOPLIST_KEY_UISupportedInterfaceOrientations_iPad = "UIInterfaceOrientationPortrait UIInterfaceOrientationPortraitUpsideDown UIInterfaceOrientationLandscapeLeft UIInterfaceOrientationLandscapeRight";
				INFOPLIST_KEY_UISupportedInterfaceOrientations_iPhone = "UIInterfaceOrientationPortrait UIInterfaceOrientationLandscapeLeft UIInterfaceOrientationLandscapeRight";
				LD_RUNPATH_SEARCH_PATHS = (
					"$(inherited)",
					"@executable_path/Frameworks",
				);
				MARKETING_VERSION = 1.0;
				PRODUCT_BUNDLE_IDENTIFIER = ru.xitrix.Finance;
				PRODUCT_NAME = "$(TARGET_NAME)";
				SWIFT_EMIT_LOC_STRINGS = YES;
				SWIFT_VERSION = 5.0;
				TARGETED_DEVICE_FAMILY = "1,2";
			};
			name = Release;
		};
		7CE9C916298BF8FE00FCD7F8 /* Debug */ = {
			isa = XCBuildConfiguration;
			baseConfigurationReference = 71D117881373E0850FBED96C /* Pods-FinanceTests.debug.xcconfig */;
			buildSettings = {
				ALWAYS_EMBED_SWIFT_STANDARD_LIBRARIES = YES;
				BUNDLE_LOADER = "$(TEST_HOST)";
				CODE_SIGN_STYLE = Automatic;
				CURRENT_PROJECT_VERSION = 1;
				DEVELOPMENT_TEAM = D59DHVRS87;
				GENERATE_INFOPLIST_FILE = YES;
				IPHONEOS_DEPLOYMENT_TARGET = 16.2;
				MARKETING_VERSION = 1.0;
				PRODUCT_BUNDLE_IDENTIFIER = ru.xitrix.FinanceTests;
				PRODUCT_NAME = "$(TARGET_NAME)";
				SWIFT_EMIT_LOC_STRINGS = NO;
				SWIFT_VERSION = 5.0;
				TARGETED_DEVICE_FAMILY = "1,2";
				TEST_HOST = "$(BUILT_PRODUCTS_DIR)/Finance.app/$(BUNDLE_EXECUTABLE_FOLDER_PATH)/Finance";
			};
			name = Debug;
		};
		7CE9C917298BF8FE00FCD7F8 /* Release */ = {
			isa = XCBuildConfiguration;
			baseConfigurationReference = 384912B2F61CF328FC199EB7 /* Pods-FinanceTests.release.xcconfig */;
			buildSettings = {
				ALWAYS_EMBED_SWIFT_STANDARD_LIBRARIES = YES;
				BUNDLE_LOADER = "$(TEST_HOST)";
				CODE_SIGN_STYLE = Automatic;
				CURRENT_PROJECT_VERSION = 1;
				DEVELOPMENT_TEAM = D59DHVRS87;
				GENERATE_INFOPLIST_FILE = YES;
				IPHONEOS_DEPLOYMENT_TARGET = 16.2;
				MARKETING_VERSION = 1.0;
				PRODUCT_BUNDLE_IDENTIFIER = ru.xitrix.FinanceTests;
				PRODUCT_NAME = "$(TARGET_NAME)";
				SWIFT_EMIT_LOC_STRINGS = NO;
				SWIFT_VERSION = 5.0;
				TARGETED_DEVICE_FAMILY = "1,2";
				TEST_HOST = "$(BUILT_PRODUCTS_DIR)/Finance.app/$(BUNDLE_EXECUTABLE_FOLDER_PATH)/Finance";
			};
			name = Release;
		};
		7CE9C919298BF8FE00FCD7F8 /* Debug */ = {
			isa = XCBuildConfiguration;
			baseConfigurationReference = 5A4B7C604801E887AF7AE83A /* Pods-Finance-FinanceUITests.debug.xcconfig */;
			buildSettings = {
				ALWAYS_EMBED_SWIFT_STANDARD_LIBRARIES = YES;
				CODE_SIGN_STYLE = Automatic;
				CURRENT_PROJECT_VERSION = 1;
				DEVELOPMENT_TEAM = D59DHVRS87;
				GENERATE_INFOPLIST_FILE = YES;
				MARKETING_VERSION = 1.0;
				PRODUCT_BUNDLE_IDENTIFIER = ru.xitrix.FinanceUITests;
				PRODUCT_NAME = "$(TARGET_NAME)";
				SWIFT_EMIT_LOC_STRINGS = NO;
				SWIFT_VERSION = 5.0;
				TARGETED_DEVICE_FAMILY = "1,2";
				TEST_TARGET_NAME = Finance;
			};
			name = Debug;
		};
		7CE9C91A298BF8FE00FCD7F8 /* Release */ = {
			isa = XCBuildConfiguration;
			baseConfigurationReference = 0839876A1F717775C9FF7C12 /* Pods-Finance-FinanceUITests.release.xcconfig */;
			buildSettings = {
				ALWAYS_EMBED_SWIFT_STANDARD_LIBRARIES = YES;
				CODE_SIGN_STYLE = Automatic;
				CURRENT_PROJECT_VERSION = 1;
				DEVELOPMENT_TEAM = D59DHVRS87;
				GENERATE_INFOPLIST_FILE = YES;
				MARKETING_VERSION = 1.0;
				PRODUCT_BUNDLE_IDENTIFIER = ru.xitrix.FinanceUITests;
				PRODUCT_NAME = "$(TARGET_NAME)";
				SWIFT_EMIT_LOC_STRINGS = NO;
				SWIFT_VERSION = 5.0;
				TARGETED_DEVICE_FAMILY = "1,2";
				TEST_TARGET_NAME = Finance;
			};
			name = Release;
		};
/* End XCBuildConfiguration section */

/* Begin XCConfigurationList section */
		7CE9C8E3298BF8FC00FCD7F8 /* Build configuration list for PBXProject "Finance" */ = {
			isa = XCConfigurationList;
			buildConfigurations = (
				7CE9C910298BF8FE00FCD7F8 /* Debug */,
				7CE9C911298BF8FE00FCD7F8 /* Release */,
			);
			defaultConfigurationIsVisible = 0;
			defaultConfigurationName = Release;
		};
		7CE9C912298BF8FE00FCD7F8 /* Build configuration list for PBXNativeTarget "Finance" */ = {
			isa = XCConfigurationList;
			buildConfigurations = (
				7CE9C913298BF8FE00FCD7F8 /* Debug */,
				7CE9C914298BF8FE00FCD7F8 /* Release */,
			);
			defaultConfigurationIsVisible = 0;
			defaultConfigurationName = Release;
		};
		7CE9C915298BF8FE00FCD7F8 /* Build configuration list for PBXNativeTarget "FinanceTests" */ = {
			isa = XCConfigurationList;
			buildConfigurations = (
				7CE9C916298BF8FE00FCD7F8 /* Debug */,
				7CE9C917298BF8FE00FCD7F8 /* Release */,
			);
			defaultConfigurationIsVisible = 0;
			defaultConfigurationName = Release;
		};
		7CE9C918298BF8FE00FCD7F8 /* Build configuration list for PBXNativeTarget "FinanceUITests" */ = {
			isa = XCConfigurationList;
			buildConfigurations = (
				7CE9C919298BF8FE00FCD7F8 /* Debug */,
				7CE9C91A298BF8FE00FCD7F8 /* Release */,
			);
			defaultConfigurationIsVisible = 0;
			defaultConfigurationName = Release;
		};
/* End XCConfigurationList section */
	};
	rootObject = 7CE9C8E0298BF8FC00FCD7F8 /* Project object */;
}
